
Microsoft Visual Studio Solution File, Format Version 12.00
# Visual Studio Version 17
VisualStudioVersion = 17.9.34622.214
MinimumVisualStudioVersion = 10.0.40219.1
Project("{FAE04EC0-301F-11D3-BF4B-00C04F79EFBC}") = "Sistema HortiFruti", "Sistema HortiFruti.csproj", "{E8604CD1-74CA-4BDD-9B04-667503DF032B}"
EndProject
Global
	GlobalSection(SolutionConfigurationPlatforms) = preSolution
		Debug|Any CPU = Debug|Any CPU
		Release|Any CPU = Release|Any CPU
	EndGlobalSection
	GlobalSection(ProjectConfigurationPlatforms) = postSolution
		{E8604CD1-74CA-4BDD-9B04-667503DF032B}.Debug|Any CPU.ActiveCfg = Debug|Any CPU
		{E8604CD1-74CA-4BDD-9B04-667503DF032B}.Debug|Any CPU.Build.0 = Debug|Any CPU
		{E8604CD1-74CA-4BDD-9B04-667503DF032B}.Release|Any CPU.ActiveCfg = Release|Any CPU
		{E8604CD1-74CA-4BDD-9B04-667503DF032B}.Release|Any CPU.Build.0 = Release|Any CPU
	EndGlobalSection
	GlobalSection(SolutionProperties) = preSolution
		HideSolutionNode = FALSE
	EndGlobalSection
	GlobalSection(ExtensibilityGlobals) = postSolution
		SolutionGuid = {61BDDF45-8BC9-4D30-82C8-03398B963145}
	EndGlobalSection
EndGlobal
